
Microsoft Visual Studio Solution File, Format Version 12.00
# Visual Studio Version 17
VisualStudioVersion = 17.7.34031.279
MinimumVisualStudioVersion = 10.0.40219.1
Project("{FAE04EC0-301F-11D3-BF4B-00C04F79EFBC}") = "API", "API\API.csproj", "{C032FE15-5ACD-4164-B5CF-78368F3234CF}"
EndProject
Global
	GlobalSection(SolutionConfigurationPlatforms) = preSolution
		Debug|Any CPU = Debug|Any CPU
		Release|Any CPU = Release|Any CPU
	EndGlobalSection
	GlobalSection(ProjectConfigurationPlatforms) = postSolution
		{C032FE15-5ACD-4164-B5CF-78368F3234CF}.Debug|Any CPU.ActiveCfg = Debug|Any CPU
		{C032FE15-5ACD-4164-B5CF-78368F3234CF}.Debug|Any CPU.Build.0 = Debug|Any CPU
		{C032FE15-5ACD-4164-B5CF-78368F3234CF}.Release|Any CPU.ActiveCfg = Release|Any CPU
		{C032FE15-5ACD-4164-B5CF-78368F3234CF}.Release|Any CPU.Build.0 = Release|Any CPU
	EndGlobalSection
	GlobalSection(SolutionProperties) = preSolution
		HideSolutionNode = FALSE
	EndGlobalSection
	GlobalSection(ExtensibilityGlobals) = postSolution
		SolutionGuid = {F1A96D3D-23B7-4336-873E-872F0F370808}
	EndGlobalSection
EndGlobal
